{
  "version": 4,
  "terraform_version": "1.4.6",
  "serial": 11,
  "lineage": "6fc21bae-cfe3-b81f-1c16-bd79a93eaef5",
  "outputs": {
    "yandex_compute_instance_nat_ip_address": {
      "value": "158.160.0.186",
      "type": "string"
    },
    "yandex_iam_service_account_static_access_key": {
      "value": "YCAJEoKkuMvSwpogx6yvkNHGv",
      "type": "string"
    },
    "yandex_iam_service_account_static_secret_key": {
      "value": "YCNl98NmxWJZVzyopl1_lO-nIBq3H9ZqmfwToEod",
      "type": "string",
      "sensitive": true
    },
    "yandex_storage_bucket_name": {
      "value": "analytics-engineering-airbyte20240127072338224000000001",
      "type": "string"
    }
  },
  "resources": [
    {
      "mode": "managed",
      "type": "yandex_compute_instance",
      "name": "airbyte",
      "provider": "provider[\"registry.terraform.io/yandex-cloud/yandex\"]",
      "instances": [
        {
          "schema_version": 1,
          "attributes": {
            "allow_recreate": null,
            "allow_stopping_for_update": null,
            "boot_disk": [
              {
                "auto_delete": true,
                "device_name": "epd60b3ouuccnu7ivren",
                "disk_id": "epd60b3ouuccnu7ivren",
                "initialize_params": [
                  {
                    "block_size": 4096,
                    "description": "",
                    "image_id": "fd8linvus5t2ielkr8no",
                    "name": "",
                    "size": 30,
                    "snapshot_id": "",
                    "type": "network-ssd"
                  }
                ],
                "mode": "READ_WRITE"
              }
            ],
            "created_at": "2024-01-27T07:23:37Z",
            "description": "",
            "filesystem": [],
            "folder_id": "b1gtarealpjr6gf9ffhq",
            "fqdn": "epd3q276evmh53ec892u.auto.internal",
            "gpu_cluster_id": "",
            "hostname": "",
            "id": "epd3q276evmh53ec892u",
            "labels": {},
            "local_disk": [],
            "maintenance_grace_period": "",
            "maintenance_policy": null,
            "metadata": {
              "user-data": "#cloud-config\nusers:\n  - name: airbyte\n    groups: sudo\n    shell: /bin/bash\n    sudo: ['ALL=(ALL) NOPASSWD:ALL']\n    ssh_authorized_keys:\n      - ssh-rsa AAAAB3NzaC1yc2EAAAADAQABAAABgQDBpBi0X6WBwPiwW6q1R+/z0UNmWvqRxAJi9TLiVUQs0AnlCYAxdG/Qlx1n69Nta6c8IOe1YAmiPZPsa9wLxBu56sVA016iddGNYaMwP8X7iKpwVCA/vapWHyDnyhnmj3oqNAJPmS+rh7mQI2/jwaoGHvgltUNK8catHijJGIXuYNkUBhcOe3TAw49lsx9QAICxrNuijrCPoGZoYrLhVFDxoPTKbnhnl5diFZ200Si8asgjaU3L6eCcLjwzbvwWpa3c7hBgvJNVvjeDfv12TA1oH89mksLnfBnpSIDJFubzpzbJjKB4BeeJeB+jiHB86X261Z45aq9cf+7YwygXbDwJR5ByLQREIQfWKauYRp71Sa39RW/k4xc/twS+E8OhvINbmhoGWugpTAyqWaXVibtmDW3zNQ06TnLwzxjMy2hG0XgPWGDmEc1lvtZKMHU77RWCfz3u+5UFx92TT+H6JnO9FVg1hi9uWutMNkd39OO4H8oMlUnBPS1f1lEE1u9gZUc=\n      "
            },
            "metadata_options": [
              {
                "aws_v1_http_endpoint": 1,
                "aws_v1_http_token": 2,
                "gce_http_endpoint": 1,
                "gce_http_token": 1
              }
            ],
            "name": "airbyte",
            "network_acceleration_type": "standard",
            "network_interface": [
              {
                "dns_record": [],
                "index": 0,
                "ip_address": "10.5.0.24",
                "ipv4": true,
                "ipv6": false,
                "ipv6_address": "",
                "ipv6_dns_record": [],
                "mac_address": "d0:0d:3d:08:e6:77",
                "nat": true,
                "nat_dns_record": [],
                "nat_ip_address": "158.160.0.186",
                "nat_ip_version": "IPV4",
                "security_group_ids": [],
                "subnet_id": "e2lkqvqg9g20kohc627g"
              }
            ],
            "placement_policy": [
              {
                "host_affinity_rules": [],
                "placement_group_id": "",
                "placement_group_partition": 0
              }
            ],
            "platform_id": "standard-v3",
            "resources": [
              {
                "core_fraction": 100,
                "cores": 4,
                "gpus": 0,
                "memory": 8
              }
            ],
            "scheduling_policy": [
              {
                "preemptible": true
              }
            ],
            "secondary_disk": [],
            "service_account_id": "",
            "status": "running",
            "timeouts": null,
            "zone": "ru-central1-b"
          },
          "sensitive_attributes": [],
          "private": "eyJlMmJmYjczMC1lY2FhLTExZTYtOGY4OC0zNDM2M2JjN2M0YzAiOnsiY3JlYXRlIjozMDAwMDAwMDAwMDAsImRlbGV0ZSI6MzAwMDAwMDAwMDAwLCJ1cGRhdGUiOjMwMDAwMDAwMDAwMH0sInNjaGVtYV92ZXJzaW9uIjoiMSJ9",
          "dependencies": [
            "yandex_vpc_network.default_network",
            "yandex_vpc_subnet.default_subnet"
          ]
        }
      ]
    },
    {
      "mode": "managed",
      "type": "yandex_iam_service_account",
      "name": "sa",
      "provider": "provider[\"registry.terraform.io/yandex-cloud/yandex\"]",
      "instances": [
        {
          "schema_version": 0,
          "attributes": {
            "created_at": "2024-01-27T07:23:34Z",
            "description": "",
            "folder_id": "b1gtarealpjr6gf9ffhq",
            "id": "aje1de9dj5plfdq9hqm5",
            "name": "airbyte-storage",
            "timeouts": null
          },
          "sensitive_attributes": [],
          "private": "eyJlMmJmYjczMC1lY2FhLTExZTYtOGY4OC0zNDM2M2JjN2M0YzAiOnsiY3JlYXRlIjo2MDAwMDAwMDAwMCwiZGVsZXRlIjo2MDAwMDAwMDAwMCwidXBkYXRlIjo2MDAwMDAwMDAwMH19"
        }
      ]
    },
    {
      "mode": "managed",
      "type": "yandex_iam_service_account_static_access_key",
      "name": "sa-static-key",
      "provider": "provider[\"registry.terraform.io/yandex-cloud/yandex\"]",
      "instances": [
        {
          "schema_version": 0,
          "attributes": {
            "access_key": "YCAJEoKkuMvSwpogx6yvkNHGv",
            "created_at": "2024-01-27T07:23:36Z",
            "description": "static access key for object storage",
            "encrypted_secret_key": null,
            "id": "ajec9jelph5h1n1u0022",
            "key_fingerprint": null,
            "pgp_key": null,
            "secret_key": "YCNl98NmxWJZVzyopl1_lO-nIBq3H9ZqmfwToEod",
            "service_account_id": "aje1de9dj5plfdq9hqm5"
          },
          "sensitive_attributes": [],
          "private": "bnVsbA==",
          "dependencies": [
            "yandex_iam_service_account.sa"
          ]
        }
      ]
    },
    {
      "mode": "managed",
      "type": "yandex_resourcemanager_folder_iam_member",
      "name": "sa-editor",
      "provider": "provider[\"registry.terraform.io/yandex-cloud/yandex\"]",
      "instances": [
        {
          "schema_version": 0,
          "attributes": {
            "folder_id": "b1gtarealpjr6gf9ffhq",
            "id": "b1gtarealpjr6gf9ffhq/storage.editor/serviceAccount:aje1de9dj5plfdq9hqm5",
            "member": "serviceAccount:aje1de9dj5plfdq9hqm5",
            "role": "storage.editor",
            "sleep_after": null,
            "timeouts": null
          },
          "sensitive_attributes": [],
          "private": "eyJlMmJmYjczMC1lY2FhLTExZTYtOGY4OC0zNDM2M2JjN2M0YzAiOnsiY3JlYXRlIjo2MDAwMDAwMDAwMCwiZGVmYXVsdCI6NjAwMDAwMDAwMDAsImRlbGV0ZSI6NjAwMDAwMDAwMDAsInJlYWQiOjYwMDAwMDAwMDAwLCJ1cGRhdGUiOjYwMDAwMDAwMDAwfX0=",
          "dependencies": [
            "yandex_iam_service_account.sa"
          ]
        }
      ]
    },
    {
      "mode": "managed",
      "type": "yandex_storage_bucket",
      "name": "analytics_engineering_airbyte",
      "provider": "provider[\"registry.terraform.io/yandex-cloud/yandex\"]",
      "instances": [
        {
          "schema_version": 0,
          "attributes": {
            "access_key": "YCAJEoKkuMvSwpogx6yvkNHGv",
            "acl": "public-read",
            "anonymous_access_flags": [
              {
                "config_read": true,
                "list": true,
                "read": true
              }
            ],
            "bucket": "analytics-engineering-airbyte20240127072338224000000001",
            "bucket_domain_name": "analytics-engineering-airbyte20240127072338224000000001.storage.yandexcloud.net",
            "bucket_prefix": "analytics-engineering-airbyte",
            "cors_rule": [],
            "default_storage_class": "STANDARD",
            "folder_id": "b1gtarealpjr6gf9ffhq",
            "force_destroy": true,
            "grant": [],
            "https": [],
            "id": "analytics-engineering-airbyte20240127072338224000000001",
            "lifecycle_rule": [],
            "logging": [],
            "max_size": 32212254720,
            "object_lock_configuration": [],
            "policy": "",
            "secret_key": "YCNl98NmxWJZVzyopl1_lO-nIBq3H9ZqmfwToEod",
            "server_side_encryption_configuration": [],
            "tags": {},
            "versioning": [
              {
                "enabled": false
              }
            ],
            "website": [],
            "website_domain": null,
            "website_endpoint": null
          },
          "sensitive_attributes": [
            [
              {
                "type": "get_attr",
                "value": "secret_key"
              }
            ]
          ],
          "private": "bnVsbA==",
          "dependencies": [
            "yandex_iam_service_account.sa",
            "yandex_iam_service_account_static_access_key.sa-static-key"
          ]
        }
      ]
    },
    {
      "mode": "managed",
      "type": "yandex_vpc_network",
      "name": "default_network",
      "provider": "provider[\"registry.terraform.io/yandex-cloud/yandex\"]",
      "instances": [
        {
          "schema_version": 0,
          "attributes": {
            "created_at": "2024-01-27T07:23:33Z",
            "default_security_group_id": "enpbh4gssb47fqkf2gp7",
            "description": "",
            "folder_id": "b1gtarealpjr6gf9ffhq",
            "id": "enpo8hv630mdpnc6kplg",
            "labels": {},
            "name": "",
            "subnet_ids": [
              "e2lkqvqg9g20kohc627g"
            ],
            "timeouts": null
          },
          "sensitive_attributes": [],
          "private": "eyJlMmJmYjczMC1lY2FhLTExZTYtOGY4OC0zNDM2M2JjN2M0YzAiOnsiY3JlYXRlIjo2MDAwMDAwMDAwMCwiZGVsZXRlIjo2MDAwMDAwMDAwMCwidXBkYXRlIjo2MDAwMDAwMDAwMH19"
        }
      ]
    },
    {
      "mode": "managed",
      "type": "yandex_vpc_subnet",
      "name": "default_subnet",
      "provider": "provider[\"registry.terraform.io/yandex-cloud/yandex\"]",
      "instances": [
        {
          "schema_version": 0,
          "attributes": {
            "created_at": "2024-01-27T07:23:36Z",
            "description": "",
            "dhcp_options": [],
            "folder_id": "b1gtarealpjr6gf9ffhq",
            "id": "e2lkqvqg9g20kohc627g",
            "labels": {},
            "name": "",
            "network_id": "enpo8hv630mdpnc6kplg",
            "route_table_id": "",
            "timeouts": null,
            "v4_cidr_blocks": [
              "10.5.0.0/24"
            ],
            "v6_cidr_blocks": [],
            "zone": "ru-central1-b"
          },
          "sensitive_attributes": [],
          "private": "eyJlMmJmYjczMC1lY2FhLTExZTYtOGY4OC0zNDM2M2JjN2M0YzAiOnsiY3JlYXRlIjoxODAwMDAwMDAwMDAsImRlbGV0ZSI6MTgwMDAwMDAwMDAwLCJ1cGRhdGUiOjE4MDAwMDAwMDAwMH19",
          "dependencies": [
            "yandex_vpc_network.default_network"
          ]
        }
      ]
    }
  ],
  "check_results": null
}
