{
  "version": 4,
  "terraform_version": "1.4.6",
  "serial": 13,
  "lineage": "6fc21bae-cfe3-b81f-1c16-bd79a93eaef5",
  "outputs": {
    "clickhouse_host_fqdn": {
      "value": "rc1b-nj1fgt083eu4aqtm.mdb.yandexcloud.net",
      "type": "string"
    },
    "yandex_compute_instance_nat_ip_address": {
      "value": "158.160.0.186",
      "type": "string"
    },
    "yandex_iam_service_account_static_access_key": {
      "value": "YCAJEoKkuMvSwpogx6yvkNHGv",
      "type": "string"
    },
    "yandex_iam_service_account_static_secret_key": {
      "value": "YCNl98NmxWJZVzyopl1_lO-nIBq3H9ZqmfwToEod",
      "type": "string",
      "sensitive": true
    },
    "yandex_storage_bucket_name": {
      "value": "analytics-engineering-airbyte20240127072338224000000001",
      "type": "string"
    }
  },
  "resources": [
    {
      "mode": "managed",
      "type": "yandex_compute_instance",
      "name": "airbyte",
      "provider": "provider[\"registry.terraform.io/yandex-cloud/yandex\"]",
      "instances": [
        {
          "schema_version": 1,
          "attributes": {
            "allow_recreate": null,
            "allow_stopping_for_update": null,
            "boot_disk": [
              {
                "auto_delete": true,
                "device_name": "epd60b3ouuccnu7ivren",
                "disk_id": "epd60b3ouuccnu7ivren",
                "initialize_params": [
                  {
                    "block_size": 4096,
                    "description": "",
                    "image_id": "fd8linvus5t2ielkr8no",
                    "name": "",
                    "size": 30,
                    "snapshot_id": "",
                    "type": "network-ssd"
                  }
                ],
                "mode": "READ_WRITE"
              }
            ],
            "created_at": "2024-01-27T07:23:37Z",
            "description": "",
            "filesystem": [],
            "folder_id": "b1gtarealpjr6gf9ffhq",
            "fqdn": "epd3q276evmh53ec892u.auto.internal",
            "gpu_cluster_id": "",
            "hostname": "",
            "id": "epd3q276evmh53ec892u",
            "labels": {},
            "local_disk": [],
            "maintenance_grace_period": "",
            "maintenance_policy": null,
            "metadata": {
              "user-data": "#cloud-config\nusers:\n  - name: airbyte\n    groups: sudo\n    shell: /bin/bash\n    sudo: ['ALL=(ALL) NOPASSWD:ALL']\n    ssh_authorized_keys:\n      - ssh-rsa AAAAB3NzaC1yc2EAAAADAQABAAABgQDBpBi0X6WBwPiwW6q1R+/z0UNmWvqRxAJi9TLiVUQs0AnlCYAxdG/Qlx1n69Nta6c8IOe1YAmiPZPsa9wLxBu56sVA016iddGNYaMwP8X7iKpwVCA/vapWHyDnyhnmj3oqNAJPmS+rh7mQI2/jwaoGHvgltUNK8catHijJGIXuYNkUBhcOe3TAw49lsx9QAICxrNuijrCPoGZoYrLhVFDxoPTKbnhnl5diFZ200Si8asgjaU3L6eCcLjwzbvwWpa3c7hBgvJNVvjeDfv12TA1oH89mksLnfBnpSIDJFubzpzbJjKB4BeeJeB+jiHB86X261Z45aq9cf+7YwygXbDwJR5ByLQREIQfWKauYRp71Sa39RW/k4xc/twS+E8OhvINbmhoGWugpTAyqWaXVibtmDW3zNQ06TnLwzxjMy2hG0XgPWGDmEc1lvtZKMHU77RWCfz3u+5UFx92TT+H6JnO9FVg1hi9uWutMNkd39OO4H8oMlUnBPS1f1lEE1u9gZUc=\n      "
            },
            "metadata_options": [
              {
                "aws_v1_http_endpoint": 1,
                "aws_v1_http_token": 2,
                "gce_http_endpoint": 1,
                "gce_http_token": 1
              }
            ],
            "name": "airbyte",
            "network_acceleration_type": "standard",
            "network_interface": [
              {
                "dns_record": [],
                "index": 0,
                "ip_address": "10.5.0.24",
                "ipv4": true,
                "ipv6": false,
                "ipv6_address": "",
                "ipv6_dns_record": [],
                "mac_address": "d0:0d:3d:08:e6:77",
                "nat": true,
                "nat_dns_record": [],
                "nat_ip_address": "158.160.0.186",
                "nat_ip_version": "IPV4",
                "security_group_ids": [],
                "subnet_id": "e2lkqvqg9g20kohc627g"
              }
            ],
            "placement_policy": [
              {
                "host_affinity_rules": [],
                "placement_group_id": "",
                "placement_group_partition": 0
              }
            ],
            "platform_id": "standard-v3",
            "resources": [
              {
                "core_fraction": 100,
                "cores": 4,
                "gpus": 0,
                "memory": 8
              }
            ],
            "scheduling_policy": [
              {
                "preemptible": true
              }
            ],
            "secondary_disk": [],
            "service_account_id": "",
            "status": "running",
            "timeouts": null,
            "zone": "ru-central1-b"
          },
          "sensitive_attributes": [],
          "private": "eyJlMmJmYjczMC1lY2FhLTExZTYtOGY4OC0zNDM2M2JjN2M0YzAiOnsiY3JlYXRlIjozMDAwMDAwMDAwMDAsImRlbGV0ZSI6MzAwMDAwMDAwMDAwLCJ1cGRhdGUiOjMwMDAwMDAwMDAwMH0sInNjaGVtYV92ZXJzaW9uIjoiMSJ9",
          "dependencies": [
            "yandex_vpc_network.default_network",
            "yandex_vpc_subnet.default_subnet"
          ]
        }
      ]
    },
    {
      "mode": "managed",
      "type": "yandex_iam_service_account",
      "name": "sa",
      "provider": "provider[\"registry.terraform.io/yandex-cloud/yandex\"]",
      "instances": [
        {
          "schema_version": 0,
          "attributes": {
            "created_at": "2024-01-27T07:23:34Z",
            "description": "",
            "folder_id": "b1gtarealpjr6gf9ffhq",
            "id": "aje1de9dj5plfdq9hqm5",
            "name": "airbyte-storage",
            "timeouts": null
          },
          "sensitive_attributes": [],
          "private": "eyJlMmJmYjczMC1lY2FhLTExZTYtOGY4OC0zNDM2M2JjN2M0YzAiOnsiY3JlYXRlIjo2MDAwMDAwMDAwMCwiZGVsZXRlIjo2MDAwMDAwMDAwMCwidXBkYXRlIjo2MDAwMDAwMDAwMH19"
        }
      ]
    },
    {
      "mode": "managed",
      "type": "yandex_iam_service_account_static_access_key",
      "name": "sa-static-key",
      "provider": "provider[\"registry.terraform.io/yandex-cloud/yandex\"]",
      "instances": [
        {
          "schema_version": 0,
          "attributes": {
            "access_key": "YCAJEoKkuMvSwpogx6yvkNHGv",
            "created_at": "2024-01-27T07:23:36Z",
            "description": "static access key for object storage",
            "encrypted_secret_key": null,
            "id": "ajec9jelph5h1n1u0022",
            "key_fingerprint": null,
            "pgp_key": null,
            "secret_key": "YCNl98NmxWJZVzyopl1_lO-nIBq3H9ZqmfwToEod",
            "service_account_id": "aje1de9dj5plfdq9hqm5"
          },
          "sensitive_attributes": [],
          "private": "bnVsbA==",
          "dependencies": [
            "yandex_iam_service_account.sa"
          ]
        }
      ]
    },
    {
      "mode": "managed",
      "type": "yandex_mdb_clickhouse_cluster",
      "name": "clickhouse_starschema",
      "provider": "provider[\"registry.terraform.io/yandex-cloud/yandex\"]",
      "instances": [
        {
          "schema_version": 0,
          "attributes": {
            "access": [
              {
                "data_lens": false,
                "data_transfer": false,
                "metrika": false,
                "serverless": false,
                "web_sql": false,
                "yandex_query": false
              }
            ],
            "admin_password": "clickhouse",
            "backup_window_start": [
              {
                "hours": 0,
                "minutes": 0
              }
            ],
            "clickhouse": [
              {
                "config": [
                  {
                    "background_fetches_pool_size": 16,
                    "background_merges_mutations_concurrency_ratio": 0,
                    "background_message_broker_schedule_pool_size": 0,
                    "background_pool_size": 16,
                    "background_schedule_pool_size": 16,
                    "compression": [
                      {
                        "level": 0,
                        "method": "LZ4",
                        "min_part_size": 1024,
                        "min_part_size_ratio": 0.5
                      },
                      {
                        "level": 0,
                        "method": "ZSTD",
                        "min_part_size": 2048,
                        "min_part_size_ratio": 0.7
                      }
                    ],
                    "default_database": "",
                    "geobase_enabled": false,
                    "geobase_uri": "",
                    "graphite_rollup": [
                      {
                        "name": "rollup1",
                        "pattern": [
                          {
                            "function": "func1",
                            "regexp": "abc",
                            "retention": [
                              {
                                "age": 1000,
                                "precision": 3
                              }
                            ]
                          }
                        ]
                      },
                      {
                        "name": "rollup2",
                        "pattern": [
                          {
                            "function": "func2",
                            "regexp": "",
                            "retention": [
                              {
                                "age": 2000,
                                "precision": 5
                              }
                            ]
                          }
                        ]
                      }
                    ],
                    "kafka": [
                      {
                        "enable_ssl_certificate_verification": false,
                        "max_poll_interval_ms": 0,
                        "sasl_mechanism": "SASL_MECHANISM_GSSAPI",
                        "sasl_password": "pass1",
                        "sasl_username": "user1",
                        "security_protocol": "SECURITY_PROTOCOL_PLAINTEXT",
                        "session_timeout_ms": 0
                      }
                    ],
                    "kafka_topic": [
                      {
                        "name": "topic1",
                        "settings": [
                          {
                            "enable_ssl_certificate_verification": false,
                            "max_poll_interval_ms": 0,
                            "sasl_mechanism": "SASL_MECHANISM_SCRAM_SHA_256",
                            "sasl_password": "pass2",
                            "sasl_username": "user2",
                            "security_protocol": "SECURITY_PROTOCOL_SSL",
                            "session_timeout_ms": 0
                          }
                        ]
                      },
                      {
                        "name": "topic2",
                        "settings": [
                          {
                            "enable_ssl_certificate_verification": false,
                            "max_poll_interval_ms": 0,
                            "sasl_mechanism": "SASL_MECHANISM_PLAIN",
                            "sasl_password": "",
                            "sasl_username": "",
                            "security_protocol": "SECURITY_PROTOCOL_SASL_PLAINTEXT",
                            "session_timeout_ms": 0
                          }
                        ]
                      }
                    ],
                    "keep_alive_timeout": 3000,
                    "log_level": "TRACE",
                    "mark_cache_size": 5368709120,
                    "max_concurrent_queries": 100,
                    "max_connections": 100,
                    "max_partition_size_to_drop": 53687091200,
                    "max_table_size_to_drop": 53687091200,
                    "merge_tree": [
                      {
                        "cleanup_delay_period": 0,
                        "max_avg_part_size_for_too_many_parts": 0,
                        "max_bytes_to_merge_at_min_space_in_pool": 1048576,
                        "max_number_of_merges_with_ttl_in_pool": 0,
                        "max_parts_in_total": 0,
                        "max_replicated_merges_in_queue": 16,
                        "merge_selecting_sleep_ms": 0,
                        "merge_with_recompression_ttl_timeout": 0,
                        "merge_with_ttl_timeout": 0,
                        "min_age_to_force_merge_on_partition_only": false,
                        "min_age_to_force_merge_seconds": 0,
                        "min_bytes_for_wide_part": 0,
                        "min_rows_for_wide_part": 0,
                        "number_of_free_entries_in_pool_to_lower_max_size_of_merge": 8,
                        "parts_to_delay_insert": 150,
                        "parts_to_throw_insert": 300,
                        "replicated_deduplication_window": 100,
                        "replicated_deduplication_window_seconds": 604800,
                        "ttl_only_drop_parts": false
                      }
                    ],
                    "metric_log_enabled": true,
                    "metric_log_retention_size": 536870912,
                    "metric_log_retention_time": 2592000000,
                    "part_log_retention_size": 536870912,
                    "part_log_retention_time": 2592000000,
                    "query_log_retention_size": 1073741824,
                    "query_log_retention_time": 2592000000,
                    "query_thread_log_enabled": true,
                    "query_thread_log_retention_size": 536870912,
                    "query_thread_log_retention_time": 2592000000,
                    "rabbitmq": [
                      {
                        "password": "rabbit_pass",
                        "username": "rabbit_user",
                        "vhost": ""
                      }
                    ],
                    "text_log_enabled": true,
                    "text_log_level": "TRACE",
                    "text_log_retention_size": 536870912,
                    "text_log_retention_time": 2592000000,
                    "timezone": "UTC",
                    "total_memory_profiler_step": 0,
                    "trace_log_enabled": true,
                    "trace_log_retention_size": 536870912,
                    "trace_log_retention_time": 2592000000,
                    "uncompressed_cache_size": 8589934592
                  }
                ],
                "resources": [
                  {
                    "disk_size": 64,
                    "disk_type_id": "network-ssd",
                    "resource_preset_id": "s3-c2-m8"
                  }
                ]
              }
            ],
            "cloud_storage": [
              {
                "data_cache_enabled": false,
                "data_cache_max_size": 0,
                "enabled": false,
                "move_factor": 0,
                "prefer_not_to_merge": false
              }
            ],
            "cluster_id": null,
            "copy_schema_on_new_hosts": false,
            "created_at": "2024-01-27T07:38:16Z",
            "database": [],
            "deletion_protection": false,
            "description": "",
            "embedded_keeper": false,
            "environment": "PRESTABLE",
            "folder_id": "b1gtarealpjr6gf9ffhq",
            "format_schema": [],
            "health": "HEALTH_UNKNOWN",
            "host": [
              {
                "assign_public_ip": true,
                "fqdn": "rc1b-nj1fgt083eu4aqtm.mdb.yandexcloud.net",
                "shard_name": "shard1",
                "subnet_id": "e2lkqvqg9g20kohc627g",
                "type": "CLICKHOUSE",
                "zone": "ru-central1-b"
              }
            ],
            "id": "c9qha9q41veno186kfmo",
            "labels": {},
            "maintenance_window": [
              {
                "day": "",
                "hour": 0,
                "type": "ANYTIME"
              }
            ],
            "ml_model": [],
            "name": "clickhouse_starschema",
            "network_id": "enpo8hv630mdpnc6kplg",
            "security_group_ids": [],
            "service_account_id": "",
            "shard": [
              {
                "name": "shard1",
                "resources": [
                  {
                    "disk_size": 64,
                    "disk_type_id": "network-ssd",
                    "resource_preset_id": "s3-c2-m8"
                  }
                ],
                "weight": 100
              }
            ],
            "shard_group": [],
            "sql_database_management": true,
            "sql_user_management": true,
            "status": "RUNNING",
            "timeouts": null,
            "user": [],
            "version": "23.3",
            "zookeeper": [
              {
                "resources": [
                  {
                    "disk_size": 0,
                    "disk_type_id": "",
                    "resource_preset_id": ""
                  }
                ]
              }
            ]
          },
          "sensitive_attributes": [
            [
              {
                "type": "get_attr",
                "value": "admin_password"
              }
            ]
          ],
          "private": "eyJlMmJmYjczMC1lY2FhLTExZTYtOGY4OC0zNDM2M2JjN2M0YzAiOnsiY3JlYXRlIjozNjAwMDAwMDAwMDAwLCJkZWxldGUiOjE4MDAwMDAwMDAwMDAsInVwZGF0ZSI6NTQwMDAwMDAwMDAwMH19",
          "dependencies": [
            "yandex_vpc_network.default_network",
            "yandex_vpc_subnet.default_subnet"
          ]
        }
      ]
    },
    {
      "mode": "managed",
      "type": "yandex_resourcemanager_folder_iam_member",
      "name": "sa-editor",
      "provider": "provider[\"registry.terraform.io/yandex-cloud/yandex\"]",
      "instances": [
        {
          "schema_version": 0,
          "attributes": {
            "folder_id": "b1gtarealpjr6gf9ffhq",
            "id": "b1gtarealpjr6gf9ffhq/storage.editor/serviceAccount:aje1de9dj5plfdq9hqm5",
            "member": "serviceAccount:aje1de9dj5plfdq9hqm5",
            "role": "storage.editor",
            "sleep_after": null,
            "timeouts": null
          },
          "sensitive_attributes": [],
          "private": "eyJlMmJmYjczMC1lY2FhLTExZTYtOGY4OC0zNDM2M2JjN2M0YzAiOnsiY3JlYXRlIjo2MDAwMDAwMDAwMCwiZGVmYXVsdCI6NjAwMDAwMDAwMDAsImRlbGV0ZSI6NjAwMDAwMDAwMDAsInJlYWQiOjYwMDAwMDAwMDAwLCJ1cGRhdGUiOjYwMDAwMDAwMDAwfX0=",
          "dependencies": [
            "yandex_iam_service_account.sa"
          ]
        }
      ]
    },
    {
      "mode": "managed",
      "type": "yandex_storage_bucket",
      "name": "analytics_engineering_airbyte",
      "provider": "provider[\"registry.terraform.io/yandex-cloud/yandex\"]",
      "instances": [
        {
          "schema_version": 0,
          "attributes": {
            "access_key": "YCAJEoKkuMvSwpogx6yvkNHGv",
            "acl": "public-read",
            "anonymous_access_flags": [
              {
                "config_read": true,
                "list": true,
                "read": true
              }
            ],
            "bucket": "analytics-engineering-airbyte20240127072338224000000001",
            "bucket_domain_name": "analytics-engineering-airbyte20240127072338224000000001.storage.yandexcloud.net",
            "bucket_prefix": "analytics-engineering-airbyte",
            "cors_rule": [],
            "default_storage_class": "STANDARD",
            "folder_id": "b1gtarealpjr6gf9ffhq",
            "force_destroy": true,
            "grant": [],
            "https": [],
            "id": "analytics-engineering-airbyte20240127072338224000000001",
            "lifecycle_rule": [],
            "logging": [],
            "max_size": 32212254720,
            "object_lock_configuration": [],
            "policy": "",
            "secret_key": "YCNl98NmxWJZVzyopl1_lO-nIBq3H9ZqmfwToEod",
            "server_side_encryption_configuration": [],
            "tags": {},
            "versioning": [
              {
                "enabled": false
              }
            ],
            "website": [],
            "website_domain": null,
            "website_endpoint": null
          },
          "sensitive_attributes": [
            [
              {
                "type": "get_attr",
                "value": "secret_key"
              }
            ]
          ],
          "private": "bnVsbA==",
          "dependencies": [
            "yandex_iam_service_account.sa",
            "yandex_iam_service_account_static_access_key.sa-static-key"
          ]
        }
      ]
    },
    {
      "mode": "managed",
      "type": "yandex_vpc_network",
      "name": "default_network",
      "provider": "provider[\"registry.terraform.io/yandex-cloud/yandex\"]",
      "instances": [
        {
          "schema_version": 0,
          "attributes": {
            "created_at": "2024-01-27T07:23:33Z",
            "default_security_group_id": "enpbh4gssb47fqkf2gp7",
            "description": "",
            "folder_id": "b1gtarealpjr6gf9ffhq",
            "id": "enpo8hv630mdpnc6kplg",
            "labels": {},
            "name": "",
            "subnet_ids": [
              "e2lkqvqg9g20kohc627g"
            ],
            "timeouts": null
          },
          "sensitive_attributes": [],
          "private": "eyJlMmJmYjczMC1lY2FhLTExZTYtOGY4OC0zNDM2M2JjN2M0YzAiOnsiY3JlYXRlIjo2MDAwMDAwMDAwMCwiZGVsZXRlIjo2MDAwMDAwMDAwMCwidXBkYXRlIjo2MDAwMDAwMDAwMH19"
        }
      ]
    },
    {
      "mode": "managed",
      "type": "yandex_vpc_subnet",
      "name": "default_subnet",
      "provider": "provider[\"registry.terraform.io/yandex-cloud/yandex\"]",
      "instances": [
        {
          "schema_version": 0,
          "attributes": {
            "created_at": "2024-01-27T07:23:36Z",
            "description": "",
            "dhcp_options": [],
            "folder_id": "b1gtarealpjr6gf9ffhq",
            "id": "e2lkqvqg9g20kohc627g",
            "labels": {},
            "name": "",
            "network_id": "enpo8hv630mdpnc6kplg",
            "route_table_id": "",
            "timeouts": null,
            "v4_cidr_blocks": [
              "10.5.0.0/24"
            ],
            "v6_cidr_blocks": [],
            "zone": "ru-central1-b"
          },
          "sensitive_attributes": [],
          "private": "eyJlMmJmYjczMC1lY2FhLTExZTYtOGY4OC0zNDM2M2JjN2M0YzAiOnsiY3JlYXRlIjoxODAwMDAwMDAwMDAsImRlbGV0ZSI6MTgwMDAwMDAwMDAwLCJ1cGRhdGUiOjE4MDAwMDAwMDAwMH19",
          "dependencies": [
            "yandex_vpc_network.default_network"
          ]
        }
      ]
    }
  ],
  "check_results": null
}
